
Microsoft Visual Studio Solution File, Format Version 12.00
Project("{FAE04EC0-301F-11D3-BF4B-00C04F79EFBC}") = "CalculatorApp", "CalculatorApp\CalculatorApp.csproj", "{27F559B1-4210-40C2-8958-CFFD2C0A5FCE}"
EndProject
Global
	GlobalSection(SolutionConfigurationPlatforms) = preSolution
		Debug|Any CPU = Debug|Any CPU
		Release|Any CPU = Release|Any CPU
	EndGlobalSection
	GlobalSection(ProjectConfigurationPlatforms) = postSolution
		{27F559B1-4210-40C2-8958-CFFD2C0A5FCE}.Debug|Any CPU.ActiveCfg = Debug|Any CPU
		{27F559B1-4210-40C2-8958-CFFD2C0A5FCE}.Debug|Any CPU.Build.0 = Debug|Any CPU
		{27F559B1-4210-40C2-8958-CFFD2C0A5FCE}.Release|Any CPU.ActiveCfg = Release|Any CPU
		{27F559B1-4210-40C2-8958-CFFD2C0A5FCE}.Release|Any CPU.Build.0 = Release|Any CPU
	EndGlobalSection
EndGlobal
